
Microsoft Visual Studio Solution File, Format Version 12.00
# Visual Studio Version 17
VisualStudioVersion = 17.11.35303.130
MinimumVisualStudioVersion = 10.0.40219.1
Project("{FAE04EC0-301F-11D3-BF4B-00C04F79EFBC}") = "Task1", "WorkWithFiles\Task1.csproj", "{6E6A065C-1264-4C66-B4FC-B7E15E055593}"
EndProject
Project("{FAE04EC0-301F-11D3-BF4B-00C04F79EFBC}") = "Task2", "Task2\Task2.csproj", "{CC9692FF-27D4-4899-B5AA-59C8654A98E8}"
EndProject
Project("{FAE04EC0-301F-11D3-BF4B-00C04F79EFBC}") = "Task3", "ConsoleApp1\Task3.csproj", "{7CDFB050-25FA-4430-A2FC-2EA59D3B4199}"
EndProject
Project("{FAE04EC0-301F-11D3-BF4B-00C04F79EFBC}") = "Task4", "Task4\Task4.csproj", "{6734B542-2717-4669-9669-25E81280A654}"
EndProject
Global
	GlobalSection(SolutionConfigurationPlatforms) = preSolution
		Debug|Any CPU = Debug|Any CPU
		Release|Any CPU = Release|Any CPU
	EndGlobalSection
	GlobalSection(ProjectConfigurationPlatforms) = postSolution
		{6E6A065C-1264-4C66-B4FC-B7E15E055593}.Debug|Any CPU.ActiveCfg = Debug|Any CPU
		{6E6A065C-1264-4C66-B4FC-B7E15E055593}.Debug|Any CPU.Build.0 = Debug|Any CPU
		{6E6A065C-1264-4C66-B4FC-B7E15E055593}.Release|Any CPU.ActiveCfg = Release|Any CPU
		{6E6A065C-1264-4C66-B4FC-B7E15E055593}.Release|Any CPU.Build.0 = Release|Any CPU
		{CC9692FF-27D4-4899-B5AA-59C8654A98E8}.Debug|Any CPU.ActiveCfg = Debug|Any CPU
		{CC9692FF-27D4-4899-B5AA-59C8654A98E8}.Debug|Any CPU.Build.0 = Debug|Any CPU
		{CC9692FF-27D4-4899-B5AA-59C8654A98E8}.Release|Any CPU.ActiveCfg = Release|Any CPU
		{CC9692FF-27D4-4899-B5AA-59C8654A98E8}.Release|Any CPU.Build.0 = Release|Any CPU
		{7CDFB050-25FA-4430-A2FC-2EA59D3B4199}.Debug|Any CPU.ActiveCfg = Debug|Any CPU
		{7CDFB050-25FA-4430-A2FC-2EA59D3B4199}.Debug|Any CPU.Build.0 = Debug|Any CPU
		{7CDFB050-25FA-4430-A2FC-2EA59D3B4199}.Release|Any CPU.ActiveCfg = Release|Any CPU
		{7CDFB050-25FA-4430-A2FC-2EA59D3B4199}.Release|Any CPU.Build.0 = Release|Any CPU
		{6734B542-2717-4669-9669-25E81280A654}.Debug|Any CPU.ActiveCfg = Debug|Any CPU
		{6734B542-2717-4669-9669-25E81280A654}.Debug|Any CPU.Build.0 = Debug|Any CPU
		{6734B542-2717-4669-9669-25E81280A654}.Release|Any CPU.ActiveCfg = Release|Any CPU
		{6734B542-2717-4669-9669-25E81280A654}.Release|Any CPU.Build.0 = Release|Any CPU
	EndGlobalSection
	GlobalSection(SolutionProperties) = preSolution
		HideSolutionNode = FALSE
	EndGlobalSection
	GlobalSection(ExtensibilityGlobals) = postSolution
		SolutionGuid = {EFE412D5-0C3E-47C1-8EE3-892C48F63414}
	EndGlobalSection
EndGlobal
